
Microsoft Visual Studio Solution File, Format Version 12.00
# Visual Studio Version 17
VisualStudioVersion = 17.1.32228.430
MinimumVisualStudioVersion = 10.0.40219.1
Project("{FAE04EC0-301F-11D3-BF4B-00C04F79EFBC}") = "MyTravel.portal", "MyTravel.portal\MyTravel.portal.csproj", "{1BE5FE80-55EC-4DDE-A6A1-FC4B2665A47A}"
EndProject
Global
	GlobalSection(SolutionConfigurationPlatforms) = preSolution
		Debug|Any CPU = Debug|Any CPU
		Release|Any CPU = Release|Any CPU
	EndGlobalSection
	GlobalSection(ProjectConfigurationPlatforms) = postSolution
		{1BE5FE80-55EC-4DDE-A6A1-FC4B2665A47A}.Debug|Any CPU.ActiveCfg = Debug|Any CPU
		{1BE5FE80-55EC-4DDE-A6A1-FC4B2665A47A}.Debug|Any CPU.Build.0 = Debug|Any CPU
		{1BE5FE80-55EC-4DDE-A6A1-FC4B2665A47A}.Release|Any CPU.ActiveCfg = Release|Any CPU
		{1BE5FE80-55EC-4DDE-A6A1-FC4B2665A47A}.Release|Any CPU.Build.0 = Release|Any CPU
	EndGlobalSection
	GlobalSection(SolutionProperties) = preSolution
		HideSolutionNode = FALSE
	EndGlobalSection
	GlobalSection(ExtensibilityGlobals) = postSolution
		EnterpriseLibraryConfigurationToolBinariesPathV6 = packages\EnterpriseLibrary.Common.6.0.1304.0\lib\NET45;packages\EnterpriseLibrary.TransientFaultHandling.6.0.1304.0\lib\portable-net45+win+wp8;packages\EnterpriseLibrary.TransientFaultHandling.Caching.6.0.1304.0\lib\NET45;packages\EnterpriseLibrary.TransientFaultHandling.Data.6.0.1304.1\lib\NET45;packages\EnterpriseLibrary.TransientFaultHandling.ServiceBus.6.0.1304.0\lib\NET45;packages\EnterpriseLibrary.TransientFaultHandling.WindowsAzure.Storage.6.0.1304.0\lib\NET45;packages\EnterpriseLibrary.TransientFaultHandling.Configuration.6.0.1304.0\lib\NET45
		SolutionGuid = {2966192C-571D-4E1A-A2E2-FCD0355F037B}
	EndGlobalSection
EndGlobal
